// !$*UTF8*$!
{
	archiveVersion = 1;
	classes = {
	};
	objectVersion = 56;
	objects = {

/* Begin PBXBuildFile section */
		65118D622BE13C6200CD4316 /* Bullseye2024App.swift in Sources */ = {isa = PBXBuildFile; fileRef = 65118D612BE13C6200CD4316 /* Bullseye2024App.swift */; };
		65118D642BE13C6200CD4316 /* ContentView.swift in Sources */ = {isa = PBXBuildFile; fileRef = 65118D632BE13C6200CD4316 /* ContentView.swift */; };
		65118D662BE13C6500CD4316 /* Assets.xcassets in Resources */ = {isa = PBXBuildFile; fileRef = 65118D652BE13C6500CD4316 /* Assets.xcassets */; };
		65118D692BE13C6500CD4316 /* Preview Assets.xcassets in Resources */ = {isa = PBXBuildFile; fileRef = 65118D682BE13C6500CD4316 /* Preview Assets.xcassets */; };
		655B10AF2BE52BDC0074CED3 /* Game.swift in Sources */ = {isa = PBXBuildFile; fileRef = 655B10AE2BE52BDC0074CED3 /* Game.swift */; };
		658EF9542BE9254400A89D3B /* TextViews.swift in Sources */ = {isa = PBXBuildFile; fileRef = 658EF9532BE9254400A89D3B /* TextViews.swift */; };
		658EF9562BE944A600A89D3B /* RoundViews.swift in Sources */ = {isa = PBXBuildFile; fileRef = 658EF9552BE944A600A89D3B /* RoundViews.swift */; };
		658EF9582BE94ABC00A89D3B /* BackgroundView.swift in Sources */ = {isa = PBXBuildFile; fileRef = 658EF9572BE94ABC00A89D3B /* BackgroundView.swift */; };
		658EF95A2BE96C9D00A89D3B /* PointsView.swift in Sources */ = {isa = PBXBuildFile; fileRef = 658EF9592BE96C9D00A89D3B /* PointsView.swift */; };
/* End PBXBuildFile section */

/* Begin PBXFileReference section */
		65118D5E2BE13C6200CD4316 /* Bullseye2024.app */ = {isa = PBXFileReference; explicitFileType = wrapper.application; includeInIndex = 0; path = Bullseye2024.app; sourceTree = BUILT_PRODUCTS_DIR; };
		65118D612BE13C6200CD4316 /* Bullseye2024App.swift */ = {isa = PBXFileReference; lastKnownFileType = sourcecode.swift; path = Bullseye2024App.swift; sourceTree = "<group>"; };
		65118D632BE13C6200CD4316 /* ContentView.swift */ = {isa = PBXFileReference; lastKnownFileType = sourcecode.swift; path = ContentView.swift; sourceTree = "<group>"; };
		65118D652BE13C6500CD4316 /* Assets.xcassets */ = {isa = PBXFileReference; lastKnownFileType = folder.assetcatalog; path = Assets.xcassets; sourceTree = "<group>"; };
		65118D682BE13C6500CD4316 /* Preview Assets.xcassets */ = {isa = PBXFileReference; lastKnownFileType = folder.assetcatalog; path = "Preview Assets.xcassets"; sourceTree = "<group>"; };
		65118D6F2BE1402F00CD4316 /* Info.plist */ = {isa = PBXFileReference; lastKnownFileType = text.plist; path = Info.plist; sourceTree = "<group>"; };
		655B10AE2BE52BDC0074CED3 /* Game.swift */ = {isa = PBXFileReference; lastKnownFileType = sourcecode.swift; path = Game.swift; sourceTree = "<group>"; };
		658EF9532BE9254400A89D3B /* TextViews.swift */ = {isa = PBXFileReference; lastKnownFileType = sourcecode.swift; path = TextViews.swift; sourceTree = "<group>"; };
		658EF9552BE944A600A89D3B /* RoundViews.swift */ = {isa = PBXFileReference; lastKnownFileType = sourcecode.swift; path = RoundViews.swift; sourceTree = "<group>"; };
		658EF9572BE94ABC00A89D3B /* BackgroundView.swift */ = {isa = PBXFileReference; lastKnownFileType = sourcecode.swift; path = BackgroundView.swift; sourceTree = "<group>"; };
		658EF9592BE96C9D00A89D3B /* PointsView.swift */ = {isa = PBXFileReference; lastKnownFileType = sourcecode.swift; path = PointsView.swift; sourceTree = "<group>"; };
/* End PBXFileReference section */

/* Begin PBXFrameworksBuildPhase section */
		65118D5B2BE13C6200CD4316 /* Frameworks */ = {
			isa = PBXFrameworksBuildPhase;
			buildActionMask = 2147483647;
			files = (
			);
			runOnlyForDeploymentPostprocessing = 0;
		};
/* End PBXFrameworksBuildPhase section */

/* Begin PBXGroup section */
		65118D552BE13C6200CD4316 = {
			isa = PBXGroup;
			children = (
				65118D602BE13C6200CD4316 /* Bullseye2024 */,
				65118D5F2BE13C6200CD4316 /* Products */,
			);
			sourceTree = "<group>";
		};
		65118D5F2BE13C6200CD4316 /* Products */ = {
			isa = PBXGroup;
			children = (
				65118D5E2BE13C6200CD4316 /* Bullseye2024.app */,
			);
			name = Products;
			sourceTree = "<group>";
		};
		65118D602BE13C6200CD4316 /* Bullseye2024 */ = {
			isa = PBXGroup;
			children = (
				65118D6F2BE1402F00CD4316 /* Info.plist */,
				655B10AE2BE52BDC0074CED3 /* Game.swift */,
				65118D612BE13C6200CD4316 /* Bullseye2024App.swift */,
				65118D632BE13C6200CD4316 /* ContentView.swift */,
				658EF9552BE944A600A89D3B /* RoundViews.swift */,
				658EF9572BE94ABC00A89D3B /* BackgroundView.swift */,
				658EF9532BE9254400A89D3B /* TextViews.swift */,
				658EF9592BE96C9D00A89D3B /* PointsView.swift */,
				65118D652BE13C6500CD4316 /* Assets.xcassets */,
				65118D672BE13C6500CD4316 /* Preview Content */,
			);
			path = Bullseye2024;
			sourceTree = "<group>";
		};
		65118D672BE13C6500CD4316 /* Preview Content */ = {
			isa = PBXGroup;
			children = (
				65118D682BE13C6500CD4316 /* Preview Assets.xcassets */,
			);
			path = "Preview Content";
			sourceTree = "<group>";
		};
/* End PBXGroup section */

/* Begin PBXNativeTarget section */
		65118D5D2BE13C6200CD4316 /* Bullseye2024 */ = {
			isa = PBXNativeTarget;
			buildConfigurationList = 65118D6C2BE13C6500CD4316 /* Build configuration list for PBXNativeTarget "Bullseye2024" */;
			buildPhases = (
				65118D5A2BE13C6200CD4316 /* Sources */,
				65118D5B2BE13C6200CD4316 /* Frameworks */,
				65118D5C2BE13C6200CD4316 /* Resources */,
			);
			buildRules = (
			);
			dependencies = (
			);
			name = Bullseye2024;
			productName = Bullseye2024;
			productReference = 65118D5E2BE13C6200CD4316 /* Bullseye2024.app */;
			productType = "com.apple.product-type.application";
		};
/* End PBXNativeTarget section */

/* Begin PBXProject section */
		65118D562BE13C6200CD4316 /* Project object */ = {
			isa = PBXProject;
			attributes = {
				BuildIndependentTargetsInParallel = 1;
				LastSwiftUpdateCheck = 1420;
				LastUpgradeCheck = 1420;
				TargetAttributes = {
					65118D5D2BE13C6200CD4316 = {
						CreatedOnToolsVersion = 14.2;
					};
				};
			};
			buildConfigurationList = 65118D592BE13C6200CD4316 /* Build configuration list for PBXProject "Bullseye2024" */;
			compatibilityVersion = "Xcode 14.0";
			developmentRegion = en;
			hasScannedForEncodings = 0;
			knownRegions = (
				en,
				Base,
			);
			mainGroup = 65118D552BE13C6200CD4316;
			productRefGroup = 65118D5F2BE13C6200CD4316 /* Products */;
			projectDirPath = "";
			projectRoot = "";
			targets = (
				65118D5D2BE13C6200CD4316 /* Bullseye2024 */,
			);
		};
/* End PBXProject section */

/* Begin PBXResourcesBuildPhase section */
		65118D5C2BE13C6200CD4316 /* Resources */ = {
			isa = PBXResourcesBuildPhase;
			buildActionMask = 2147483647;
			files = (
				65118D692BE13C6500CD4316 /* Preview Assets.xcassets in Resources */,
				65118D662BE13C6500CD4316 /* Assets.xcassets in Resources */,
			);
			runOnlyForDeploymentPostprocessing = 0;
		};
/* End PBXResourcesBuildPhase section */

/* Begin PBXSourcesBuildPhase section */
		65118D5A2BE13C6200CD4316 /* Sources */ = {
			isa = PBXSourcesBuildPhase;
			buildActionMask = 2147483647;
			files = (
				658EF9582BE94ABC00A89D3B /* BackgroundView.swift in Sources */,
				658EF9562BE944A600A89D3B /* RoundViews.swift in Sources */,
				65118D642BE13C6200CD4316 /* ContentView.swift in Sources */,
				658EF9542BE9254400A89D3B /* TextViews.swift in Sources */,
				658EF95A2BE96C9D00A89D3B /* PointsView.swift in Sources */,
				655B10AF2BE52BDC0074CED3 /* Game.swift in Sources */,
				65118D622BE13C6200CD4316 /* Bullseye2024App.swift in Sources */,
			);
			runOnlyForDeploymentPostprocessing = 0;
		};
/* End PBXSourcesBuildPhase section */

/* Begin XCBuildConfiguration section */
		65118D6A2BE13C6500CD4316 /* Debug */ = {
			isa = XCBuildConfiguration;
			buildSettings = {
				ALWAYS_SEARCH_USER_PATHS = NO;
				CLANG_ANALYZER_NONNULL = YES;
				CLANG_ANALYZER_NUMBER_OBJECT_CONVERSION = YES_AGGRESSIVE;
				CLANG_CXX_LANGUAGE_STANDARD = "gnu++20";
				CLANG_ENABLE_MODULES = YES;
				CLANG_ENABLE_OBJC_ARC = YES;
				CLANG_ENABLE_OBJC_WEAK = YES;
				CLANG_WARN_BLOCK_CAPTURE_AUTORELEASING = YES;
				CLANG_WARN_BOOL_CONVERSION = YES;
				CLANG_WARN_COMMA = YES;
				CLANG_WARN_CONSTANT_CONVERSION = YES;
				CLANG_WARN_DEPRECATED_OBJC_IMPLEMENTATIONS = YES;
				CLANG_WARN_DIRECT_OBJC_ISA_USAGE = YES_ERROR;
				CLANG_WARN_DOCUMENTATION_COMMENTS = YES;
				CLANG_WARN_EMPTY_BODY = YES;
				CLANG_WARN_ENUM_CONVERSION = YES;
				CLANG_WARN_INFINITE_RECURSION = YES;
				CLANG_WARN_INT_CONVERSION = YES;
				CLANG_WARN_NON_LITERAL_NULL_CONVERSION = YES;
				CLANG_WARN_OBJC_IMPLICIT_RETAIN_SELF = YES;
				CLANG_WARN_OBJC_LITERAL_CONVERSION = YES;
				CLANG_WARN_OBJC_ROOT_CLASS = YES_ERROR;
				CLANG_WARN_QUOTED_INCLUDE_IN_FRAMEWORK_HEADER = YES;
				CLANG_WARN_RANGE_LOOP_ANALYSIS = YES;
				CLANG_WARN_STRICT_PROTOTYPES = YES;
				CLANG_WARN_SUSPICIOUS_MOVE = YES;
				CLANG_WARN_UNGUARDED_AVAILABILITY = YES_AGGRESSIVE;
				CLANG_WARN_UNREACHABLE_CODE = YES;
				CLANG_WARN__DUPLICATE_METHOD_MATCH = YES;
				COPY_PHASE_STRIP = NO;
				DEBUG_INFORMATION_FORMAT = dwarf;
				ENABLE_STRICT_OBJC_MSGSEND = YES;
				ENABLE_TESTABILITY = YES;
				GCC_C_LANGUAGE_STANDARD = gnu11;
				GCC_DYNAMIC_NO_PIC = NO;
				GCC_NO_COMMON_BLOCKS = YES;
				GCC_OPTIMIZATION_LEVEL = 0;
				GCC_PREPROCESSOR_DEFINITIONS = (
					"DEBUG=1",
					"$(inherited)",
				);
				GCC_WARN_64_TO_32_BIT_CONVERSION = YES;
				GCC_WARN_ABOUT_RETURN_TYPE = YES_ERROR;
				GCC_WARN_UNDECLARED_SELECTOR = YES;
				GCC_WARN_UNINITIALIZED_AUTOS = YES_AGGRESSIVE;
				GCC_WARN_UNUSED_FUNCTION = YES;
				GCC_WARN_UNUSED_VARIABLE = YES;
				IPHONEOS_DEPLOYMENT_TARGET = 16.2;
				MTL_ENABLE_DEBUG_INFO = INCLUDE_SOURCE;
				MTL_FAST_MATH = YES;
				ONLY_ACTIVE_ARCH = YES;
				SDKROOT = iphoneos;
				SWIFT_ACTIVE_COMPILATION_CONDITIONS = DEBUG;
				SWIFT_OPTIMIZATION_LEVEL = "-Onone";
			};
			name = Debug;
		};
		65118D6B2BE13C6500CD4316 /* Release */ = {
			isa = XCBuildConfiguration;
			buildSettings = {
				ALWAYS_SEARCH_USER_PATHS = NO;
				CLANG_ANALYZER_NONNULL = YES;
				CLANG_ANALYZER_NUMBER_OBJECT_CONVERSION = YES_AGGRESSIVE;
				CLANG_CXX_LANGUAGE_STANDARD = "gnu++20";
				CLANG_ENABLE_MODULES = YES;
				CLANG_ENABLE_OBJC_ARC = YES;
				CLANG_ENABLE_OBJC_WEAK = YES;
				CLANG_WARN_BLOCK_CAPTURE_AUTORELEASING = YES;
				CLANG_WARN_BOOL_CONVERSION = YES;
				CLANG_WARN_COMMA = YES;
				CLANG_WARN_CONSTANT_CONVERSION = YES;
				CLANG_WARN_DEPRECATED_OBJC_IMPLEMENTATIONS = YES;
				CLANG_WARN_DIRECT_OBJC_ISA_USAGE = YES_ERROR;
				CLANG_WARN_DOCUMENTATION_COMMENTS = YES;
				CLANG_WARN_EMPTY_BODY = YES;
				CLANG_WARN_ENUM_CONVERSION = YES;
				CLANG_WARN_INFINITE_RECURSION = YES;
				CLANG_WARN_INT_CONVERSION = YES;
				CLANG_WARN_NON_LITERAL_NULL_CONVERSION = YES;
				CLANG_WARN_OBJC_IMPLICIT_RETAIN_SELF = YES;
				CLANG_WARN_OBJC_LITERAL_CONVERSION = YES;
				CLANG_WARN_OBJC_ROOT_CLASS = YES_ERROR;
				CLANG_WARN_QUOTED_INCLUDE_IN_FRAMEWORK_HEADER = YES;
				CLANG_WARN_RANGE_LOOP_ANALYSIS = YES;
				CLANG_WARN_STRICT_PROTOTYPES = YES;
				CLANG_WARN_SUSPICIOUS_MOVE = YES;
				CLANG_WARN_UNGUARDED_AVAILABILITY = YES_AGGRESSIVE;
				CLANG_WARN_UNREACHABLE_CODE = YES;
				CLANG_WARN__DUPLICATE_METHOD_MATCH = YES;
				COPY_PHASE_STRIP = NO;
				DEBUG_INFORMATION_FORMAT = "dwarf-with-dsym";
				ENABLE_NS_ASSERTIONS = NO;
				ENABLE_STRICT_OBJC_MSGSEND = YES;
				GCC_C_LANGUAGE_STANDARD = gnu11;
				GCC_NO_COMMON_BLOCKS = YES;
				GCC_WARN_64_TO_32_BIT_CONVERSION = YES;
				GCC_WARN_ABOUT_RETURN_TYPE = YES_ERROR;
				GCC_WARN_UNDECLARED_SELECTOR = YES;
				GCC_WARN_UNINITIALIZED_AUTOS = YES_AGGRESSIVE;
				GCC_WARN_UNUSED_FUNCTION = YES;
				GCC_WARN_UNUSED_VARIABLE = YES;
				IPHONEOS_DEPLOYMENT_TARGET = 16.2;
				MTL_ENABLE_DEBUG_INFO = NO;
				MTL_FAST_MATH = YES;
				SDKROOT = iphoneos;
				SWIFT_COMPILATION_MODE = wholemodule;
				SWIFT_OPTIMIZATION_LEVEL = "-O";
				VALIDATE_PRODUCT = YES;
			};
			name = Release;
		};
		65118D6D2BE13C6500CD4316 /* Debug */ = {
			isa = XCBuildConfiguration;
			buildSettings = {
				ASSETCATALOG_COMPILER_APPICON_NAME = AppIcon;
				ASSETCATALOG_COMPILER_GLOBAL_ACCENT_COLOR_NAME = AccentColor;
				CODE_SIGN_STYLE = Automatic;
				CURRENT_PROJECT_VERSION = 1;
				DEVELOPMENT_ASSET_PATHS = "\"Bullseye2024/Preview Content\"";
				DEVELOPMENT_TEAM = 73FTQQ69S9;
				ENABLE_PREVIEWS = YES;
				GENERATE_INFOPLIST_FILE = YES;
				INFOPLIST_FILE = Bullseye2024/Info.plist;
				INFOPLIST_KEY_UIApplicationSupportsIndirectInputEvents = YES;
				INFOPLIST_KEY_UILaunchScreen_Generation = YES;
				INFOPLIST_KEY_UISupportedInterfaceOrientations = "UIInterfaceOrientationLandscapeLeft UIInterfaceOrientationLandscapeRight";
				LD_RUNPATH_SEARCH_PATHS = (
					"$(inherited)",
					"@executable_path/Frameworks",
				);
				MARKETING_VERSION = 1.0;
				PRODUCT_BUNDLE_IDENTIFIER = com.mason.Bullseye2024;
				PRODUCT_NAME = "$(TARGET_NAME)";
				SWIFT_EMIT_LOC_STRINGS = YES;
				SWIFT_VERSION = 5.0;
				TARGETED_DEVICE_FAMILY = "1,2";
			};
			name = Debug;
		};
		65118D6E2BE13C6500CD4316 /* Release */ = {
			isa = XCBuildConfiguration;
			buildSettings = {
				ASSETCATALOG_COMPILER_APPICON_NAME = AppIcon;
				ASSETCATALOG_COMPILER_GLOBAL_ACCENT_COLOR_NAME = AccentColor;
				CODE_SIGN_STYLE = Automatic;
				CURRENT_PROJECT_VERSION = 1;
				DEVELOPMENT_ASSET_PATHS = "\"Bullseye2024/Preview Content\"";
				DEVELOPMENT_TEAM = 73FTQQ69S9;
				ENABLE_PREVIEWS = YES;
				GENERATE_INFOPLIST_FILE = YES;
				INFOPLIST_FILE = Bullseye2024/Info.plist;
				INFOPLIST_KEY_UIApplicationSupportsIndirectInputEvents = YES;
				INFOPLIST_KEY_UILaunchScreen_Generation = YES;
				INFOPLIST_KEY_UISupportedInterfaceOrientations = "UIInterfaceOrientationLandscapeLeft UIInterfaceOrientationLandscapeRight";
				LD_RUNPATH_SEARCH_PATHS = (
					"$(inherited)",
					"@executable_path/Frameworks",
				);
				MARKETING_VERSION = 1.0;
				PRODUCT_BUNDLE_IDENTIFIER = com.mason.Bullseye2024;
				PRODUCT_NAME = "$(TARGET_NAME)";
				SWIFT_EMIT_LOC_STRINGS = YES;
				SWIFT_VERSION = 5.0;
				TARGETED_DEVICE_FAMILY = "1,2";
			};
			name = Release;
		};
/* End XCBuildConfiguration section */

/* Begin XCConfigurationList section */
		65118D592BE13C6200CD4316 /* Build configuration list for PBXProject "Bullseye2024" */ = {
			isa = XCConfigurationList;
			buildConfigurations = (
				65118D6A2BE13C6500CD4316 /* Debug */,
				65118D6B2BE13C6500CD4316 /* Release */,
			);
			defaultConfigurationIsVisible = 0;
			defaultConfigurationName = Release;
		};
		65118D6C2BE13C6500CD4316 /* Build configuration list for PBXNativeTarget "Bullseye2024" */ = {
			isa = XCConfigurationList;
			buildConfigurations = (
				65118D6D2BE13C6500CD4316 /* Debug */,
				65118D6E2BE13C6500CD4316 /* Release */,
			);
			defaultConfigurationIsVisible = 0;
			defaultConfigurationName = Release;
		};
/* End XCConfigurationList section */
	};
	rootObject = 65118D562BE13C6200CD4316 /* Project object */;
}
